// !$*UTF8*$!
{
	archiveVersion = 1;
	classes = {
	};
	objectVersion = 50;
	objects = {

/* Begin PBXBuildFile section */
		3F36F33221C7716C008983D6 /* AppDelegate.swift in Sources */ = {isa = PBXBuildFile; fileRef = 3F36F33121C7716C008983D6 /* AppDelegate.swift */; };
		3F36F33421C7716C008983D6 /* firstViewController.swift in Sources */ = {isa = PBXBuildFile; fileRef = 3F36F33321C7716C008983D6 /* firstViewController.swift */; };
		3F36F33721C7716C008983D6 /* Main.storyboard in Resources */ = {isa = PBXBuildFile; fileRef = 3F36F33521C7716C008983D6 /* Main.storyboard */; };
		3F36F33921C7716D008983D6 /* Assets.xcassets in Resources */ = {isa = PBXBuildFile; fileRef = 3F36F33821C7716D008983D6 /* Assets.xcassets */; };
		3F36F33C21C7716D008983D6 /* LaunchScreen.storyboard in Resources */ = {isa = PBXBuildFile; fileRef = 3F36F33A21C7716D008983D6 /* LaunchScreen.storyboard */; };
		3F36F36021C77D90008983D6 /* Alamofire.framework in Frameworks */ = {isa = PBXBuildFile; fileRef = 3F36F35321C77D6F008983D6 /* Alamofire.framework */; };
		3F36F36121C77D90008983D6 /* Alamofire.framework in Embed Frameworks */ = {isa = PBXBuildFile; fileRef = 3F36F35321C77D6F008983D6 /* Alamofire.framework */; settings = {ATTRIBUTES = (CodeSignOnCopy, RemoveHeadersOnCopy, ); }; };
		3F36F36621C78142008983D6 /* jsonViewController.swift in Sources */ = {isa = PBXBuildFile; fileRef = 3F36F36521C78142008983D6 /* jsonViewController.swift */; };
		3F36F36821C78159008983D6 /* personsTableViewController.swift in Sources */ = {isa = PBXBuildFile; fileRef = 3F36F36721C78159008983D6 /* personsTableViewController.swift */; };
		3F36F36A21C7817C008983D6 /* dertailViewController.swift in Sources */ = {isa = PBXBuildFile; fileRef = 3F36F36921C7817C008983D6 /* dertailViewController.swift */; };
/* End PBXBuildFile section */

/* Begin PBXContainerItemProxy section */
		3F36F35221C77D6F008983D6 /* PBXContainerItemProxy */ = {
			isa = PBXContainerItemProxy;
			containerPortal = 3F36F34721C77D6F008983D6 /* Alamofire.xcodeproj */;
			proxyType = 2;
			remoteGlobalIDString = F8111E3319A95C8B0040E7D1;
			remoteInfo = "Alamofire iOS";
		};
		3F36F35421C77D6F008983D6 /* PBXContainerItemProxy */ = {
			isa = PBXContainerItemProxy;
			containerPortal = 3F36F34721C77D6F008983D6 /* Alamofire.xcodeproj */;
			proxyType = 2;
			remoteGlobalIDString = F8111E3E19A95C8B0040E7D1;
			remoteInfo = "Alamofire iOS Tests";
		};
		3F36F35621C77D6F008983D6 /* PBXContainerItemProxy */ = {
			isa = PBXContainerItemProxy;
			containerPortal = 3F36F34721C77D6F008983D6 /* Alamofire.xcodeproj */;
			proxyType = 2;
			remoteGlobalIDString = 4DD67C0B1A5C55C900ED2280;
			remoteInfo = "Alamofire macOS";
		};
		3F36F35821C77D6F008983D6 /* PBXContainerItemProxy */ = {
			isa = PBXContainerItemProxy;
			containerPortal = 3F36F34721C77D6F008983D6 /* Alamofire.xcodeproj */;
			proxyType = 2;
			remoteGlobalIDString = F829C6B21A7A94F100A2CD59;
			remoteInfo = "Alamofire macOS Tests";
		};
		3F36F35A21C77D6F008983D6 /* PBXContainerItemProxy */ = {
			isa = PBXContainerItemProxy;
			containerPortal = 3F36F34721C77D6F008983D6 /* Alamofire.xcodeproj */;
			proxyType = 2;
			remoteGlobalIDString = 4CF626EF1BA7CB3E0011A099;
			remoteInfo = "Alamofire tvOS";
		};
		3F36F35C21C77D6F008983D6 /* PBXContainerItemProxy */ = {
			isa = PBXContainerItemProxy;
			containerPortal = 3F36F34721C77D6F008983D6 /* Alamofire.xcodeproj */;
			proxyType = 2;
			remoteGlobalIDString = 4CF626F81BA7CB3E0011A099;
			remoteInfo = "Alamofire tvOS Tests";
		};
		3F36F35E21C77D6F008983D6 /* PBXContainerItemProxy */ = {
			isa = PBXContainerItemProxy;
			containerPortal = 3F36F34721C77D6F008983D6 /* Alamofire.xcodeproj */;
			proxyType = 2;
			remoteGlobalIDString = E4202FE01B667AA100C997FB;
			remoteInfo = "Alamofire watchOS";
		};
		3F36F36221C77D90008983D6 /* PBXContainerItemProxy */ = {
			isa = PBXContainerItemProxy;
			containerPortal = 3F36F34721C77D6F008983D6 /* Alamofire.xcodeproj */;
			proxyType = 1;
			remoteGlobalIDString = F8111E3219A95C8B0040E7D1;
			remoteInfo = "Alamofire iOS";
		};
/* End PBXContainerItemProxy section */

/* Begin PBXCopyFilesBuildPhase section */
		3F36F36421C77D90008983D6 /* Embed Frameworks */ = {
			isa = PBXCopyFilesBuildPhase;
			buildActionMask = 2147483647;
			dstPath = "";
			dstSubfolderSpec = 10;
			files = (
				3F36F36121C77D90008983D6 /* Alamofire.framework in Embed Frameworks */,
			);
			name = "Embed Frameworks";
			runOnlyForDeploymentPostprocessing = 0;
		};
/* End PBXCopyFilesBuildPhase section */

/* Begin PBXFileReference section */
		3F36F32E21C7716C008983D6 /* network.app */ = {isa = PBXFileReference; explicitFileType = wrapper.application; includeInIndex = 0; path = network.app; sourceTree = BUILT_PRODUCTS_DIR; };
		3F36F33121C7716C008983D6 /* AppDelegate.swift */ = {isa = PBXFileReference; lastKnownFileType = sourcecode.swift; path = AppDelegate.swift; sourceTree = "<group>"; };
		3F36F33321C7716C008983D6 /* firstViewController.swift */ = {isa = PBXFileReference; lastKnownFileType = sourcecode.swift; path = firstViewController.swift; sourceTree = "<group>"; };
		3F36F33621C7716C008983D6 /* Base */ = {isa = PBXFileReference; lastKnownFileType = file.storyboard; name = Base; path = Base.lproj/Main.storyboard; sourceTree = "<group>"; };
		3F36F33821C7716D008983D6 /* Assets.xcassets */ = {isa = PBXFileReference; lastKnownFileType = folder.assetcatalog; path = Assets.xcassets; sourceTree = "<group>"; };
		3F36F33B21C7716D008983D6 /* Base */ = {isa = PBXFileReference; lastKnownFileType = file.storyboard; name = Base; path = Base.lproj/LaunchScreen.storyboard; sourceTree = "<group>"; };
		3F36F33D21C7716D008983D6 /* Info.plist */ = {isa = PBXFileReference; lastKnownFileType = text.plist.xml; path = Info.plist; sourceTree = "<group>"; };
		3F36F34721C77D6F008983D6 /* Alamofire.xcodeproj */ = {isa = PBXFileReference; lastKnownFileType = "wrapper.pb-project"; name = Alamofire.xcodeproj; path = "Alamofire-master/Alamofire.xcodeproj"; sourceTree = "<group>"; };
		3F36F36521C78142008983D6 /* jsonViewController.swift */ = {isa = PBXFileReference; lastKnownFileType = sourcecode.swift; path = jsonViewController.swift; sourceTree = "<group>"; };
		3F36F36721C78159008983D6 /* personsTableViewController.swift */ = {isa = PBXFileReference; lastKnownFileType = sourcecode.swift; path = personsTableViewController.swift; sourceTree = "<group>"; };
		3F36F36921C7817C008983D6 /* dertailViewController.swift */ = {isa = PBXFileReference; lastKnownFileType = sourcecode.swift; path = dertailViewController.swift; sourceTree = "<group>"; };
/* End PBXFileReference section */

/* Begin PBXFrameworksBuildPhase section */
		3F36F32B21C7716C008983D6 /* Frameworks */ = {
			isa = PBXFrameworksBuildPhase;
			buildActionMask = 2147483647;
			files = (
				3F36F36021C77D90008983D6 /* Alamofire.framework in Frameworks */,
			);
			runOnlyForDeploymentPostprocessing = 0;
		};
/* End PBXFrameworksBuildPhase section */

/* Begin PBXGroup section */
		3F36F32521C7716C008983D6 = {
			isa = PBXGroup;
			children = (
				3F36F34721C77D6F008983D6 /* Alamofire.xcodeproj */,
				3F36F33021C7716C008983D6 /* network */,
				3F36F32F21C7716C008983D6 /* Products */,
			);
			sourceTree = "<group>";
		};
		3F36F32F21C7716C008983D6 /* Products */ = {
			isa = PBXGroup;
			children = (
				3F36F32E21C7716C008983D6 /* network.app */,
			);
			name = Products;
			sourceTree = "<group>";
		};
		3F36F33021C7716C008983D6 /* network */ = {
			isa = PBXGroup;
			children = (
				3F36F33121C7716C008983D6 /* AppDelegate.swift */,
				3F36F33321C7716C008983D6 /* firstViewController.swift */,
				3F36F33521C7716C008983D6 /* Main.storyboard */,
				3F36F36521C78142008983D6 /* jsonViewController.swift */,
				3F36F36721C78159008983D6 /* personsTableViewController.swift */,
				3F36F36921C7817C008983D6 /* dertailViewController.swift */,
				3F36F33821C7716D008983D6 /* Assets.xcassets */,
				3F36F33A21C7716D008983D6 /* LaunchScreen.storyboard */,
				3F36F33D21C7716D008983D6 /* Info.plist */,
			);
			path = network;
			sourceTree = "<group>";
		};
		3F36F34821C77D6F008983D6 /* Products */ = {
			isa = PBXGroup;
			children = (
				3F36F35321C77D6F008983D6 /* Alamofire.framework */,
				3F36F35521C77D6F008983D6 /* Alamofire iOS Tests.xctest */,
				3F36F35721C77D6F008983D6 /* Alamofire.framework */,
				3F36F35921C77D6F008983D6 /* Alamofire macOS Tests.xctest */,
				3F36F35B21C77D6F008983D6 /* Alamofire.framework */,
				3F36F35D21C77D6F008983D6 /* Alamofire tvOS Tests.xctest */,
				3F36F35F21C77D6F008983D6 /* Alamofire.framework */,
			);
			name = Products;
			sourceTree = "<group>";
		};
/* End PBXGroup section */

/* Begin PBXNativeTarget section */
		3F36F32D21C7716C008983D6 /* network */ = {
			isa = PBXNativeTarget;
			buildConfigurationList = 3F36F34021C7716D008983D6 /* Build configuration list for PBXNativeTarget "network" */;
			buildPhases = (
				3F36F32A21C7716C008983D6 /* Sources */,
				3F36F32B21C7716C008983D6 /* Frameworks */,
				3F36F32C21C7716C008983D6 /* Resources */,
				3F36F36421C77D90008983D6 /* Embed Frameworks */,
			);
			buildRules = (
			);
			dependencies = (
				3F36F36321C77D90008983D6 /* PBXTargetDependency */,
			);
			name = network;
			productName = network;
			productReference = 3F36F32E21C7716C008983D6 /* network.app */;
			productType = "com.apple.product-type.application";
		};
/* End PBXNativeTarget section */

/* Begin PBXProject section */
		3F36F32621C7716C008983D6 /* Project object */ = {
			isa = PBXProject;
			attributes = {
				LastSwiftUpdateCheck = 1000;
				LastUpgradeCheck = 1000;
				ORGANIZATIONNAME = 2016110324;
				TargetAttributes = {
					3F36F32D21C7716C008983D6 = {
						CreatedOnToolsVersion = 10.0;
					};
				};
			};
			buildConfigurationList = 3F36F32921C7716C008983D6 /* Build configuration list for PBXProject "network" */;
			compatibilityVersion = "Xcode 9.3";
			developmentRegion = en;
			hasScannedForEncodings = 0;
			knownRegions = (
				en,
				Base,
			);
			mainGroup = 3F36F32521C7716C008983D6;
			productRefGroup = 3F36F32F21C7716C008983D6 /* Products */;
			projectDirPath = "";
			projectReferences = (
				{
					ProductGroup = 3F36F34821C77D6F008983D6 /* Products */;
					ProjectRef = 3F36F34721C77D6F008983D6 /* Alamofire.xcodeproj */;
				},
			);
			projectRoot = "";
			targets = (
				3F36F32D21C7716C008983D6 /* network */,
			);
		};
/* End PBXProject section */

/* Begin PBXReferenceProxy section */
		3F36F35321C77D6F008983D6 /* Alamofire.framework */ = {
			isa = PBXReferenceProxy;
			fileType = wrapper.framework;
			path = Alamofire.framework;
			remoteRef = 3F36F35221C77D6F008983D6 /* PBXContainerItemProxy */;
			sourceTree = BUILT_PRODUCTS_DIR;
		};
		3F36F35521C77D6F008983D6 /* Alamofire iOS Tests.xctest */ = {
			isa = PBXReferenceProxy;
			fileType = wrapper.cfbundle;
			path = "Alamofire iOS Tests.xctest";
			remoteRef = 3F36F35421C77D6F008983D6 /* PBXContainerItemProxy */;
			sourceTree = BUILT_PRODUCTS_DIR;
		};
		3F36F35721C77D6F008983D6 /* Alamofire.framework */ = {
			isa = PBXReferenceProxy;
			fileType = wrapper.framework;
			path = Alamofire.framework;
			remoteRef = 3F36F35621C77D6F008983D6 /* PBXContainerItemProxy */;
			sourceTree = BUILT_PRODUCTS_DIR;
		};
		3F36F35921C77D6F008983D6 /* Alamofire macOS Tests.xctest */ = {
			isa = PBXReferenceProxy;
			fileType = wrapper.cfbundle;
			path = "Alamofire macOS Tests.xctest";
			remoteRef = 3F36F35821C77D6F008983D6 /* PBXContainerItemProxy */;
			sourceTree = BUILT_PRODUCTS_DIR;
		};
		3F36F35B21C77D6F008983D6 /* Alamofire.framework */ = {
			isa = PBXReferenceProxy;
			fileType = wrapper.framework;
			path = Alamofire.framework;
			remoteRef = 3F36F35A21C77D6F008983D6 /* PBXContainerItemProxy */;
			sourceTree = BUILT_PRODUCTS_DIR;
		};
		3F36F35D21C77D6F008983D6 /* Alamofire tvOS Tests.xctest */ = {
			isa = PBXReferenceProxy;
			fileType = wrapper.cfbundle;
			path = "Alamofire tvOS Tests.xctest";
			remoteRef = 3F36F35C21C77D6F008983D6 /* PBXContainerItemProxy */;
			sourceTree = BUILT_PRODUCTS_DIR;
		};
		3F36F35F21C77D6F008983D6 /* Alamofire.framework */ = {
			isa = PBXReferenceProxy;
			fileType = wrapper.framework;
			path = Alamofire.framework;
			remoteRef = 3F36F35E21C77D6F008983D6 /* PBXContainerItemProxy */;
			sourceTree = BUILT_PRODUCTS_DIR;
		};
/* End PBXReferenceProxy section */

/* Begin PBXResourcesBuildPhase section */
		3F36F32C21C7716C008983D6 /* Resources */ = {
			isa = PBXResourcesBuildPhase;
			buildActionMask = 2147483647;
			files = (
				3F36F33C21C7716D008983D6 /* LaunchScreen.storyboard in Resources */,
				3F36F33921C7716D008983D6 /* Assets.xcassets in Resources */,
				3F36F33721C7716C008983D6 /* Main.storyboard in Resources */,
			);
			runOnlyForDeploymentPostprocessing = 0;
		};
/* End PBXResourcesBuildPhase section */

/* Begin PBXSourcesBuildPhase section */
		3F36F32A21C7716C008983D6 /* Sources */ = {
			isa = PBXSourcesBuildPhase;
			buildActionMask = 2147483647;
			files = (
				3F36F36821C78159008983D6 /* personsTableViewController.swift in Sources */,
				3F36F33421C7716C008983D6 /* firstViewController.swift in Sources */,
				3F36F36A21C7817C008983D6 /* dertailViewController.swift in Sources */,
				3F36F36621C78142008983D6 /* jsonViewController.swift in Sources */,
				3F36F33221C7716C008983D6 /* AppDelegate.swift in Sources */,
			);
			runOnlyForDeploymentPostprocessing = 0;
		};
/* End PBXSourcesBuildPhase section */

/* Begin PBXTargetDependency section */
		3F36F36321C77D90008983D6 /* PBXTargetDependency */ = {
			isa = PBXTargetDependency;
			name = "Alamofire iOS";
			targetProxy = 3F36F36221C77D90008983D6 /* PBXContainerItemProxy */;
		};
/* End PBXTargetDependency section */

/* Begin PBXVariantGroup section */
		3F36F33521C7716C008983D6 /* Main.storyboard */ = {
			isa = PBXVariantGroup;
			children = (
				3F36F33621C7716C008983D6 /* Base */,
			);
			name = Main.storyboard;
			sourceTree = "<group>";
		};
		3F36F33A21C7716D008983D6 /* LaunchScreen.storyboard */ = {
			isa = PBXVariantGroup;
			children = (
				3F36F33B21C7716D008983D6 /* Base */,
			);
			name = LaunchScreen.storyboard;
			sourceTree = "<group>";
		};
/* End PBXVariantGroup section */

/* Begin XCBuildConfiguration section */
		3F36F33E21C7716D008983D6 /* Debug */ = {
			isa = XCBuildConfiguration;
			buildSettings = {
				ALWAYS_SEARCH_USER_PATHS = NO;
				CLANG_ANALYZER_NONNULL = YES;
				CLANG_ANALYZER_NUMBER_OBJECT_CONVERSION = YES_AGGRESSIVE;
				CLANG_CXX_LANGUAGE_STANDARD = "gnu++14";
				CLANG_CXX_LIBRARY = "libc++";
				CLANG_ENABLE_MODULES = YES;
				CLANG_ENABLE_OBJC_ARC = YES;
				CLANG_ENABLE_OBJC_WEAK = YES;
				CLANG_WARN_BLOCK_CAPTURE_AUTORELEASING = YES;
				CLANG_WARN_BOOL_CONVERSION = YES;
				CLANG_WARN_COMMA = YES;
				CLANG_WARN_CONSTANT_CONVERSION = YES;
				CLANG_WARN_DEPRECATED_OBJC_IMPLEMENTATIONS = YES;
				CLANG_WARN_DIRECT_OBJC_ISA_USAGE = YES_ERROR;
				CLANG_WARN_DOCUMENTATION_COMMENTS = YES;
				CLANG_WARN_EMPTY_BODY = YES;
				CLANG_WARN_ENUM_CONVERSION = YES;
				CLANG_WARN_INFINITE_RECURSION = YES;
				CLANG_WARN_INT_CONVERSION = YES;
				CLANG_WARN_NON_LITERAL_NULL_CONVERSION = YES;
				CLANG_WARN_OBJC_IMPLICIT_RETAIN_SELF = YES;
				CLANG_WARN_OBJC_LITERAL_CONVERSION = YES;
				CLANG_WARN_OBJC_ROOT_CLASS = YES_ERROR;
				CLANG_WARN_RANGE_LOOP_ANALYSIS = YES;
				CLANG_WARN_STRICT_PROTOTYPES = YES;
				CLANG_WARN_SUSPICIOUS_MOVE = YES;
				CLANG_WARN_UNGUARDED_AVAILABILITY = YES_AGGRESSIVE;
				CLANG_WARN_UNREACHABLE_CODE = YES;
				CLANG_WARN__DUPLICATE_METHOD_MATCH = YES;
				CODE_SIGN_IDENTITY = "iPhone Developer";
				COPY_PHASE_STRIP = NO;
				DEBUG_INFORMATION_FORMAT = dwarf;
				ENABLE_STRICT_OBJC_MSGSEND = YES;
				ENABLE_TESTABILITY = YES;
				GCC_C_LANGUAGE_STANDARD = gnu11;
				GCC_DYNAMIC_NO_PIC = NO;
				GCC_NO_COMMON_BLOCKS = YES;
				GCC_OPTIMIZATION_LEVEL = 0;
				GCC_PREPROCESSOR_DEFINITIONS = (
					"DEBUG=1",
					"$(inherited)",
				);
				GCC_WARN_64_TO_32_BIT_CONVERSION = YES;
				GCC_WARN_ABOUT_RETURN_TYPE = YES_ERROR;
				GCC_WARN_UNDECLARED_SELECTOR = YES;
				GCC_WARN_UNINITIALIZED_AUTOS = YES_AGGRESSIVE;
				GCC_WARN_UNUSED_FUNCTION = YES;
				GCC_WARN_UNUSED_VARIABLE = YES;
				IPHONEOS_DEPLOYMENT_TARGET = 12.0;
				MTL_ENABLE_DEBUG_INFO = INCLUDE_SOURCE;
				MTL_FAST_MATH = YES;
				ONLY_ACTIVE_ARCH = YES;
				SDKROOT = iphoneos;
				SWIFT_ACTIVE_COMPILATION_CONDITIONS = DEBUG;
				SWIFT_OPTIMIZATION_LEVEL = "-Onone";
			};
			name = Debug;
		};
		3F36F33F21C7716D008983D6 /* Release */ = {
			isa = XCBuildConfiguration;
			buildSettings = {
				ALWAYS_SEARCH_USER_PATHS = NO;
				CLANG_ANALYZER_NONNULL = YES;
				CLANG_ANALYZER_NUMBER_OBJECT_CONVERSION = YES_AGGRESSIVE;
				CLANG_CXX_LANGUAGE_STANDARD = "gnu++14";
				CLANG_CXX_LIBRARY = "libc++";
				CLANG_ENABLE_MODULES = YES;
				CLANG_ENABLE_OBJC_ARC = YES;
				CLANG_ENABLE_OBJC_WEAK = YES;
				CLANG_WARN_BLOCK_CAPTURE_AUTORELEASING = YES;
				CLANG_WARN_BOOL_CONVERSION = YES;
				CLANG_WARN_COMMA = YES;
				CLANG_WARN_CONSTANT_CONVERSION = YES;
				CLANG_WARN_DEPRECATED_OBJC_IMPLEMENTATIONS = YES;
				CLANG_WARN_DIRECT_OBJC_ISA_USAGE = YES_ERROR;
				CLANG_WARN_DOCUMENTATION_COMMENTS = YES;
				CLANG_WARN_EMPTY_BODY = YES;
				CLANG_WARN_ENUM_CONVERSION = YES;
				CLANG_WARN_INFINITE_RECURSION = YES;
				CLANG_WARN_INT_CONVERSION = YES;
				CLANG_WARN_NON_LITERAL_NULL_CONVERSION = YES;
				CLANG_WARN_OBJC_IMPLICIT_RETAIN_SELF = YES;
				CLANG_WARN_OBJC_LITERAL_CONVERSION = YES;
				CLANG_WARN_OBJC_ROOT_CLASS = YES_ERROR;
				CLANG_WARN_RANGE_LOOP_ANALYSIS = YES;
				CLANG_WARN_STRICT_PROTOTYPES = YES;
				CLANG_WARN_SUSPICIOUS_MOVE = YES;
				CLANG_WARN_UNGUARDED_AVAILABILITY = YES_AGGRESSIVE;
				CLANG_WARN_UNREACHABLE_CODE = YES;
				CLANG_WARN__DUPLICATE_METHOD_MATCH = YES;
				CODE_SIGN_IDENTITY = "iPhone Developer";
				COPY_PHASE_STRIP = NO;
				DEBUG_INFORMATION_FORMAT = "dwarf-with-dsym";
				ENABLE_NS_ASSERTIONS = NO;
				ENABLE_STRICT_OBJC_MSGSEND = YES;
				GCC_C_LANGUAGE_STANDARD = gnu11;
				GCC_NO_COMMON_BLOCKS = YES;
				GCC_WARN_64_TO_32_BIT_CONVERSION = YES;
				GCC_WARN_ABOUT_RETURN_TYPE = YES_ERROR;
				GCC_WARN_UNDECLARED_SELECTOR = YES;
				GCC_WARN_UNINITIALIZED_AUTOS = YES_AGGRESSIVE;
				GCC_WARN_UNUSED_FUNCTION = YES;
				GCC_WARN_UNUSED_VARIABLE = YES;
				IPHONEOS_DEPLOYMENT_TARGET = 12.0;
				MTL_ENABLE_DEBUG_INFO = NO;
				MTL_FAST_MATH = YES;
				SDKROOT = iphoneos;
				SWIFT_COMPILATION_MODE = wholemodule;
				SWIFT_OPTIMIZATION_LEVEL = "-O";
				VALIDATE_PRODUCT = YES;
			};
			name = Release;
		};
		3F36F34121C7716D008983D6 /* Debug */ = {
			isa = XCBuildConfiguration;
			buildSettings = {
				ALWAYS_EMBED_SWIFT_STANDARD_LIBRARIES = YES;
				ASSETCATALOG_COMPILER_APPICON_NAME = AppIcon;
				CODE_SIGN_STYLE = Automatic;
				INFOPLIST_FILE = network/Info.plist;
				IPHONEOS_DEPLOYMENT_TARGET = 12.0;
				LD_RUNPATH_SEARCH_PATHS = (
					"$(inherited)",
					"@executable_path/Frameworks",
				);
				PRODUCT_BUNDLE_IDENTIFIER = "-016110324.network";
				PRODUCT_NAME = "$(TARGET_NAME)";
				SWIFT_VERSION = 4.2;
				TARGETED_DEVICE_FAMILY = "1,2";
			};
			name = Debug;
		};
		3F36F34221C7716D008983D6 /* Release */ = {
			isa = XCBuildConfiguration;
			buildSettings = {
				ALWAYS_EMBED_SWIFT_STANDARD_LIBRARIES = YES;
				ASSETCATALOG_COMPILER_APPICON_NAME = AppIcon;
				CODE_SIGN_STYLE = Automatic;
				INFOPLIST_FILE = network/Info.plist;
				IPHONEOS_DEPLOYMENT_TARGET = 12.0;
				LD_RUNPATH_SEARCH_PATHS = (
					"$(inherited)",
					"@executable_path/Frameworks",
				);
				PRODUCT_BUNDLE_IDENTIFIER = "-016110324.network";
				PRODUCT_NAME = "$(TARGET_NAME)";
				SWIFT_VERSION = 4.2;
				TARGETED_DEVICE_FAMILY = "1,2";
			};
			name = Release;
		};
/* End XCBuildConfiguration section */

/* Begin XCConfigurationList section */
		3F36F32921C7716C008983D6 /* Build configuration list for PBXProject "network" */ = {
			isa = XCConfigurationList;
			buildConfigurations = (
				3F36F33E21C7716D008983D6 /* Debug */,
				3F36F33F21C7716D008983D6 /* Release */,
			);
			defaultConfigurationIsVisible = 0;
			defaultConfigurationName = Release;
		};
		3F36F34021C7716D008983D6 /* Build configuration list for PBXNativeTarget "network" */ = {
			isa = XCConfigurationList;
			buildConfigurations = (
				3F36F34121C7716D008983D6 /* Debug */,
				3F36F34221C7716D008983D6 /* Release */,
			);
			defaultConfigurationIsVisible = 0;
			defaultConfigurationName = Release;
		};
/* End XCConfigurationList section */
	};
	rootObject = 3F36F32621C7716C008983D6 /* Project object */;
}
